// !$*UTF8*$!
{
	archiveVersion = 1;
	classes = {
	};
	objectVersion = 56;
	objects = {

/* Begin PBXBuildFile section */
		CE4AE4302954872D00466CA6 /* EssentialFeed.framework in Frameworks */ = {isa = PBXBuildFile; fileRef = CE4AE4272954872D00466CA6 /* EssentialFeed.framework */; };
		CE4AE4352954872E00466CA6 /* EssentialFeedTests.swift in Sources */ = {isa = PBXBuildFile; fileRef = CE4AE4342954872E00466CA6 /* EssentialFeedTests.swift */; };
		CE4AE4362954872E00466CA6 /* EssentialFeed.h in Headers */ = {isa = PBXBuildFile; fileRef = CE4AE42A2954872D00466CA6 /* EssentialFeed.h */; settings = {ATTRIBUTES = (Public, ); }; };
		CE4AE440295489ED00466CA6 /* FeedItem.swift in Sources */ = {isa = PBXBuildFile; fileRef = CE4AE43F295489ED00466CA6 /* FeedItem.swift */; };
		CE4AE441295489ED00466CA6 /* FeedItem.swift in Sources */ = {isa = PBXBuildFile; fileRef = CE4AE43F295489ED00466CA6 /* FeedItem.swift */; };
		CE4AE44329548A3100466CA6 /* FeedLoader.swift in Sources */ = {isa = PBXBuildFile; fileRef = CE4AE44229548A3100466CA6 /* FeedLoader.swift */; };
		CE4AE44429548A3100466CA6 /* FeedLoader.swift in Sources */ = {isa = PBXBuildFile; fileRef = CE4AE44229548A3100466CA6 /* FeedLoader.swift */; };
		CE4AE44729548AC000466CA6 /* RemoteFeedLoaderTests.swift in Sources */ = {isa = PBXBuildFile; fileRef = CE4AE44629548AC000466CA6 /* RemoteFeedLoaderTests.swift */; };
		CE4AE44A29548EAC00466CA6 /* RemoteFeedLoader.swift in Sources */ = {isa = PBXBuildFile; fileRef = CE4AE44929548EAC00466CA6 /* RemoteFeedLoader.swift */; };
		CE4AE44B29548EAC00466CA6 /* RemoteFeedLoader.swift in Sources */ = {isa = PBXBuildFile; fileRef = CE4AE44929548EAC00466CA6 /* RemoteFeedLoader.swift */; };
		CE4AE44D2959DA5600466CA6 /* HTTPClient.swift in Sources */ = {isa = PBXBuildFile; fileRef = CE4AE44C2959DA5600466CA6 /* HTTPClient.swift */; };
		CE4AE44E2959DA5600466CA6 /* HTTPClient.swift in Sources */ = {isa = PBXBuildFile; fileRef = CE4AE44C2959DA5600466CA6 /* HTTPClient.swift */; };
		CE4AE4502959DAB100466CA6 /* FeedItemsMapper.swift in Sources */ = {isa = PBXBuildFile; fileRef = CE4AE44F2959DAB100466CA6 /* FeedItemsMapper.swift */; };
		CE4AE4512959DAB100466CA6 /* FeedItemsMapper.swift in Sources */ = {isa = PBXBuildFile; fileRef = CE4AE44F2959DAB100466CA6 /* FeedItemsMapper.swift */; };
		CE4AE454295DE0B800466CA6 /* URLSessionHTTPClientTests.swift in Sources */ = {isa = PBXBuildFile; fileRef = CE4AE453295DE0B800466CA6 /* URLSessionHTTPClientTests.swift */; };
		CE84F4512964EEEA00C9610A /* XCTestCase+MemoryLeakTracking.swift in Sources */ = {isa = PBXBuildFile; fileRef = CE84F4502964EEEA00C9610A /* XCTestCase+MemoryLeakTracking.swift */; };
		CE84F4532964FAA600C9610A /* URLSessionHTTPClient.swift in Sources */ = {isa = PBXBuildFile; fileRef = CE84F4522964FAA600C9610A /* URLSessionHTTPClient.swift */; };
/* End PBXBuildFile section */

/* Begin PBXContainerItemProxy section */
		CE4AE4312954872D00466CA6 /* PBXContainerItemProxy */ = {
			isa = PBXContainerItemProxy;
			containerPortal = CE4AE41E2954872D00466CA6 /* Project object */;
			proxyType = 1;
			remoteGlobalIDString = CE4AE4262954872D00466CA6;
			remoteInfo = EssentialFeed;
		};
/* End PBXContainerItemProxy section */

/* Begin PBXFileReference section */
		CE4AE4272954872D00466CA6 /* EssentialFeed.framework */ = {isa = PBXFileReference; explicitFileType = wrapper.framework; includeInIndex = 0; path = EssentialFeed.framework; sourceTree = BUILT_PRODUCTS_DIR; };
		CE4AE42A2954872D00466CA6 /* EssentialFeed.h */ = {isa = PBXFileReference; lastKnownFileType = sourcecode.c.h; path = EssentialFeed.h; sourceTree = "<group>"; };
		CE4AE42F2954872D00466CA6 /* EssentialFeedTests.xctest */ = {isa = PBXFileReference; explicitFileType = wrapper.cfbundle; includeInIndex = 0; path = EssentialFeedTests.xctest; sourceTree = BUILT_PRODUCTS_DIR; };
		CE4AE4342954872E00466CA6 /* EssentialFeedTests.swift */ = {isa = PBXFileReference; lastKnownFileType = sourcecode.swift; path = EssentialFeedTests.swift; sourceTree = "<group>"; };
		CE4AE43F295489ED00466CA6 /* FeedItem.swift */ = {isa = PBXFileReference; lastKnownFileType = sourcecode.swift; path = FeedItem.swift; sourceTree = "<group>"; };
		CE4AE44229548A3100466CA6 /* FeedLoader.swift */ = {isa = PBXFileReference; lastKnownFileType = sourcecode.swift; path = FeedLoader.swift; sourceTree = "<group>"; };
		CE4AE44629548AC000466CA6 /* RemoteFeedLoaderTests.swift */ = {isa = PBXFileReference; lastKnownFileType = sourcecode.swift; path = RemoteFeedLoaderTests.swift; sourceTree = "<group>"; };
		CE4AE44929548EAC00466CA6 /* RemoteFeedLoader.swift */ = {isa = PBXFileReference; lastKnownFileType = sourcecode.swift; path = RemoteFeedLoader.swift; sourceTree = "<group>"; };
		CE4AE44C2959DA5600466CA6 /* HTTPClient.swift */ = {isa = PBXFileReference; lastKnownFileType = sourcecode.swift; path = HTTPClient.swift; sourceTree = "<group>"; };
		CE4AE44F2959DAB100466CA6 /* FeedItemsMapper.swift */ = {isa = PBXFileReference; lastKnownFileType = sourcecode.swift; path = FeedItemsMapper.swift; sourceTree = "<group>"; };
		CE4AE453295DE0B800466CA6 /* URLSessionHTTPClientTests.swift */ = {isa = PBXFileReference; lastKnownFileType = sourcecode.swift; path = URLSessionHTTPClientTests.swift; sourceTree = "<group>"; };
		CE84F4502964EEEA00C9610A /* XCTestCase+MemoryLeakTracking.swift */ = {isa = PBXFileReference; lastKnownFileType = sourcecode.swift; path = "XCTestCase+MemoryLeakTracking.swift"; sourceTree = "<group>"; };
		CE84F4522964FAA600C9610A /* URLSessionHTTPClient.swift */ = {isa = PBXFileReference; lastKnownFileType = sourcecode.swift; path = URLSessionHTTPClient.swift; sourceTree = "<group>"; };
/* End PBXFileReference section */

/* Begin PBXFrameworksBuildPhase section */
		CE4AE4242954872D00466CA6 /* Frameworks */ = {
			isa = PBXFrameworksBuildPhase;
			buildActionMask = 2147483647;
			files = (
			);
			runOnlyForDeploymentPostprocessing = 0;
		};
		CE4AE42C2954872D00466CA6 /* Frameworks */ = {
			isa = PBXFrameworksBuildPhase;
			buildActionMask = 2147483647;
			files = (
				CE4AE4302954872D00466CA6 /* EssentialFeed.framework in Frameworks */,
			);
			runOnlyForDeploymentPostprocessing = 0;
		};
/* End PBXFrameworksBuildPhase section */

/* Begin PBXGroup section */
		CE4AE41D2954872D00466CA6 = {
			isa = PBXGroup;
			children = (
				CE4AE4292954872D00466CA6 /* EssentialFeed */,
				CE4AE4332954872E00466CA6 /* EssentialFeedTests */,
				CE4AE4282954872D00466CA6 /* Products */,
			);
			sourceTree = "<group>";
		};
		CE4AE4282954872D00466CA6 /* Products */ = {
			isa = PBXGroup;
			children = (
				CE4AE4272954872D00466CA6 /* EssentialFeed.framework */,
				CE4AE42F2954872D00466CA6 /* EssentialFeedTests.xctest */,
			);
			name = Products;
			sourceTree = "<group>";
		};
		CE4AE4292954872D00466CA6 /* EssentialFeed */ = {
			isa = PBXGroup;
			children = (
				CE4AE42A2954872D00466CA6 /* EssentialFeed.h */,
				CE4AE44529548A7000466CA6 /* Feed Feature */,
				CE4AE44829548E7F00466CA6 /* Feed API */,
			);
			path = EssentialFeed;
			sourceTree = "<group>";
		};
		CE4AE4332954872E00466CA6 /* EssentialFeedTests */ = {
			isa = PBXGroup;
			children = (
				CE4AE4342954872E00466CA6 /* EssentialFeedTests.swift */,
				CE4AE4522959E11800466CA6 /* Feed API */,
			);
			path = EssentialFeedTests;
			sourceTree = "<group>";
		};
		CE4AE44529548A7000466CA6 /* Feed Feature */ = {
			isa = PBXGroup;
			children = (
				CE4AE43F295489ED00466CA6 /* FeedItem.swift */,
				CE4AE44229548A3100466CA6 /* FeedLoader.swift */,
			);
			path = "Feed Feature";
			sourceTree = "<group>";
		};
		CE4AE44829548E7F00466CA6 /* Feed API */ = {
			isa = PBXGroup;
			children = (
				CE4AE44929548EAC00466CA6 /* RemoteFeedLoader.swift */,
				CE4AE44C2959DA5600466CA6 /* HTTPClient.swift */,
				CE4AE44F2959DAB100466CA6 /* FeedItemsMapper.swift */,
				CE84F4522964FAA600C9610A /* URLSessionHTTPClient.swift */,
			);
			path = "Feed API";
			sourceTree = "<group>";
		};
		CE4AE4522959E11800466CA6 /* Feed API */ = {
			isa = PBXGroup;
			children = (
				CE84F44F2964EED500C9610A /* Helpers */,
				CE4AE44629548AC000466CA6 /* RemoteFeedLoaderTests.swift */,
				CE4AE453295DE0B800466CA6 /* URLSessionHTTPClientTests.swift */,
			);
			path = "Feed API";
			sourceTree = "<group>";
		};
		CE84F44F2964EED500C9610A /* Helpers */ = {
			isa = PBXGroup;
			children = (
				CE84F4502964EEEA00C9610A /* XCTestCase+MemoryLeakTracking.swift */,
			);
			path = Helpers;
			sourceTree = "<group>";
		};
/* End PBXGroup section */

/* Begin PBXHeadersBuildPhase section */
		CE4AE4222954872D00466CA6 /* Headers */ = {
			isa = PBXHeadersBuildPhase;
			buildActionMask = 2147483647;
			files = (
				CE4AE4362954872E00466CA6 /* EssentialFeed.h in Headers */,
			);
			runOnlyForDeploymentPostprocessing = 0;
		};
/* End PBXHeadersBuildPhase section */

/* Begin PBXNativeTarget section */
		CE4AE4262954872D00466CA6 /* EssentialFeed */ = {
			isa = PBXNativeTarget;
			buildConfigurationList = CE4AE4392954872E00466CA6 /* Build configuration list for PBXNativeTarget "EssentialFeed" */;
			buildPhases = (
				CE4AE4222954872D00466CA6 /* Headers */,
				CE4AE4232954872D00466CA6 /* Sources */,
				CE4AE4242954872D00466CA6 /* Frameworks */,
				CE4AE4252954872D00466CA6 /* Resources */,
			);
			buildRules = (
			);
			dependencies = (
			);
			name = EssentialFeed;
			productName = EssentialFeed;
			productReference = CE4AE4272954872D00466CA6 /* EssentialFeed.framework */;
			productType = "com.apple.product-type.framework";
		};
		CE4AE42E2954872D00466CA6 /* EssentialFeedTests */ = {
			isa = PBXNativeTarget;
			buildConfigurationList = CE4AE43C2954872E00466CA6 /* Build configuration list for PBXNativeTarget "EssentialFeedTests" */;
			buildPhases = (
				CE4AE42B2954872D00466CA6 /* Sources */,
				CE4AE42C2954872D00466CA6 /* Frameworks */,
				CE4AE42D2954872D00466CA6 /* Resources */,
			);
			buildRules = (
			);
			dependencies = (
				CE4AE4322954872D00466CA6 /* PBXTargetDependency */,
			);
			name = EssentialFeedTests;
			productName = EssentialFeedTests;
			productReference = CE4AE42F2954872D00466CA6 /* EssentialFeedTests.xctest */;
			productType = "com.apple.product-type.bundle.unit-test";
		};
/* End PBXNativeTarget section */

/* Begin PBXProject section */
		CE4AE41E2954872D00466CA6 /* Project object */ = {
			isa = PBXProject;
			attributes = {
				BuildIndependentTargetsInParallel = 1;
				LastSwiftUpdateCheck = 1410;
				LastUpgradeCheck = 1410;
				TargetAttributes = {
					CE4AE4262954872D00466CA6 = {
						CreatedOnToolsVersion = 14.1;
						LastSwiftMigration = 1410;
					};
					CE4AE42E2954872D00466CA6 = {
						CreatedOnToolsVersion = 14.1;
					};
				};
			};
			buildConfigurationList = CE4AE4212954872D00466CA6 /* Build configuration list for PBXProject "EssentialFeed" */;
			compatibilityVersion = "Xcode 14.0";
			developmentRegion = en;
			hasScannedForEncodings = 0;
			knownRegions = (
				en,
				Base,
			);
			mainGroup = CE4AE41D2954872D00466CA6;
			productRefGroup = CE4AE4282954872D00466CA6 /* Products */;
			projectDirPath = "";
			projectRoot = "";
			targets = (
				CE4AE4262954872D00466CA6 /* EssentialFeed */,
				CE4AE42E2954872D00466CA6 /* EssentialFeedTests */,
			);
		};
/* End PBXProject section */

/* Begin PBXResourcesBuildPhase section */
		CE4AE4252954872D00466CA6 /* Resources */ = {
			isa = PBXResourcesBuildPhase;
			buildActionMask = 2147483647;
			files = (
			);
			runOnlyForDeploymentPostprocessing = 0;
		};
		CE4AE42D2954872D00466CA6 /* Resources */ = {
			isa = PBXResourcesBuildPhase;
			buildActionMask = 2147483647;
			files = (
			);
			runOnlyForDeploymentPostprocessing = 0;
		};
/* End PBXResourcesBuildPhase section */

/* Begin PBXSourcesBuildPhase section */
		CE4AE4232954872D00466CA6 /* Sources */ = {
			isa = PBXSourcesBuildPhase;
			buildActionMask = 2147483647;
			files = (
				CE4AE4502959DAB100466CA6 /* FeedItemsMapper.swift in Sources */,
				CE4AE44329548A3100466CA6 /* FeedLoader.swift in Sources */,
				CE4AE44A29548EAC00466CA6 /* RemoteFeedLoader.swift in Sources */,
				CE4AE44D2959DA5600466CA6 /* HTTPClient.swift in Sources */,
				CE4AE440295489ED00466CA6 /* FeedItem.swift in Sources */,
				CE84F4532964FAA600C9610A /* URLSessionHTTPClient.swift in Sources */,
			);
			runOnlyForDeploymentPostprocessing = 0;
		};
		CE4AE42B2954872D00466CA6 /* Sources */ = {
			isa = PBXSourcesBuildPhase;
			buildActionMask = 2147483647;
			files = (
				CE4AE44729548AC000466CA6 /* RemoteFeedLoaderTests.swift in Sources */,
				CE4AE44429548A3100466CA6 /* FeedLoader.swift in Sources */,
				CE84F4512964EEEA00C9610A /* XCTestCase+MemoryLeakTracking.swift in Sources */,
				CE4AE44E2959DA5600466CA6 /* HTTPClient.swift in Sources */,
				CE4AE454295DE0B800466CA6 /* URLSessionHTTPClientTests.swift in Sources */,
				CE4AE4512959DAB100466CA6 /* FeedItemsMapper.swift in Sources */,
				CE4AE441295489ED00466CA6 /* FeedItem.swift in Sources */,
				CE4AE44B29548EAC00466CA6 /* RemoteFeedLoader.swift in Sources */,
				CE4AE4352954872E00466CA6 /* EssentialFeedTests.swift in Sources */,
			);
			runOnlyForDeploymentPostprocessing = 0;
		};
/* End PBXSourcesBuildPhase section */

/* Begin PBXTargetDependency section */
		CE4AE4322954872D00466CA6 /* PBXTargetDependency */ = {
			isa = PBXTargetDependency;
			target = CE4AE4262954872D00466CA6 /* EssentialFeed */;
			targetProxy = CE4AE4312954872D00466CA6 /* PBXContainerItemProxy */;
		};
/* End PBXTargetDependency section */

/* Begin XCBuildConfiguration section */
		CE4AE4372954872E00466CA6 /* Debug */ = {
			isa = XCBuildConfiguration;
			buildSettings = {
				ALWAYS_SEARCH_USER_PATHS = NO;
				CLANG_ANALYZER_NONNULL = YES;
				CLANG_ANALYZER_NUMBER_OBJECT_CONVERSION = YES_AGGRESSIVE;
				CLANG_CXX_LANGUAGE_STANDARD = "gnu++20";
				CLANG_ENABLE_MODULES = YES;
				CLANG_ENABLE_OBJC_ARC = YES;
				CLANG_ENABLE_OBJC_WEAK = YES;
				CLANG_WARN_BLOCK_CAPTURE_AUTORELEASING = YES;
				CLANG_WARN_BOOL_CONVERSION = YES;
				CLANG_WARN_COMMA = YES;
				CLANG_WARN_CONSTANT_CONVERSION = YES;
				CLANG_WARN_DEPRECATED_OBJC_IMPLEMENTATIONS = YES;
				CLANG_WARN_DIRECT_OBJC_ISA_USAGE = YES_ERROR;
				CLANG_WARN_DOCUMENTATION_COMMENTS = YES;
				CLANG_WARN_EMPTY_BODY = YES;
				CLANG_WARN_ENUM_CONVERSION = YES;
				CLANG_WARN_INFINITE_RECURSION = YES;
				CLANG_WARN_INT_CONVERSION = YES;
				CLANG_WARN_NON_LITERAL_NULL_CONVERSION = YES;
				CLANG_WARN_OBJC_IMPLICIT_RETAIN_SELF = YES;
				CLANG_WARN_OBJC_LITERAL_CONVERSION = YES;
				CLANG_WARN_OBJC_ROOT_CLASS = YES_ERROR;
				CLANG_WARN_QUOTED_INCLUDE_IN_FRAMEWORK_HEADER = YES;
				CLANG_WARN_RANGE_LOOP_ANALYSIS = YES;
				CLANG_WARN_STRICT_PROTOTYPES = YES;
				CLANG_WARN_SUSPICIOUS_MOVE = YES;
				CLANG_WARN_UNGUARDED_AVAILABILITY = YES_AGGRESSIVE;
				CLANG_WARN_UNREACHABLE_CODE = YES;
				CLANG_WARN__DUPLICATE_METHOD_MATCH = YES;
				COPY_PHASE_STRIP = NO;
				CURRENT_PROJECT_VERSION = 1;
				DEBUG_INFORMATION_FORMAT = dwarf;
				ENABLE_STRICT_OBJC_MSGSEND = YES;
				ENABLE_TESTABILITY = YES;
				GCC_C_LANGUAGE_STANDARD = gnu11;
				GCC_DYNAMIC_NO_PIC = NO;
				GCC_NO_COMMON_BLOCKS = YES;
				GCC_OPTIMIZATION_LEVEL = 0;
				GCC_PREPROCESSOR_DEFINITIONS = (
					"DEBUG=1",
					"$(inherited)",
				);
				GCC_WARN_64_TO_32_BIT_CONVERSION = YES;
				GCC_WARN_ABOUT_RETURN_TYPE = YES_ERROR;
				GCC_WARN_UNDECLARED_SELECTOR = YES;
				GCC_WARN_UNINITIALIZED_AUTOS = YES_AGGRESSIVE;
				GCC_WARN_UNUSED_FUNCTION = YES;
				GCC_WARN_UNUSED_VARIABLE = YES;
				MACOSX_DEPLOYMENT_TARGET = 12.6;
				MTL_ENABLE_DEBUG_INFO = INCLUDE_SOURCE;
				MTL_FAST_MATH = YES;
				ONLY_ACTIVE_ARCH = YES;
				SDKROOT = macosx;
				SWIFT_ACTIVE_COMPILATION_CONDITIONS = DEBUG;
				SWIFT_OPTIMIZATION_LEVEL = "-Onone";
				VERSIONING_SYSTEM = "apple-generic";
				VERSION_INFO_PREFIX = "";
			};
			name = Debug;
		};
		CE4AE4382954872E00466CA6 /* Release */ = {
			isa = XCBuildConfiguration;
			buildSettings = {
				ALWAYS_SEARCH_USER_PATHS = NO;
				CLANG_ANALYZER_NONNULL = YES;
				CLANG_ANALYZER_NUMBER_OBJECT_CONVERSION = YES_AGGRESSIVE;
				CLANG_CXX_LANGUAGE_STANDARD = "gnu++20";
				CLANG_ENABLE_MODULES = YES;
				CLANG_ENABLE_OBJC_ARC = YES;
				CLANG_ENABLE_OBJC_WEAK = YES;
				CLANG_WARN_BLOCK_CAPTURE_AUTORELEASING = YES;
				CLANG_WARN_BOOL_CONVERSION = YES;
				CLANG_WARN_COMMA = YES;
				CLANG_WARN_CONSTANT_CONVERSION = YES;
				CLANG_WARN_DEPRECATED_OBJC_IMPLEMENTATIONS = YES;
				CLANG_WARN_DIRECT_OBJC_ISA_USAGE = YES_ERROR;
				CLANG_WARN_DOCUMENTATION_COMMENTS = YES;
				CLANG_WARN_EMPTY_BODY = YES;
				CLANG_WARN_ENUM_CONVERSION = YES;
				CLANG_WARN_INFINITE_RECURSION = YES;
				CLANG_WARN_INT_CONVERSION = YES;
				CLANG_WARN_NON_LITERAL_NULL_CONVERSION = YES;
				CLANG_WARN_OBJC_IMPLICIT_RETAIN_SELF = YES;
				CLANG_WARN_OBJC_LITERAL_CONVERSION = YES;
				CLANG_WARN_OBJC_ROOT_CLASS = YES_ERROR;
				CLANG_WARN_QUOTED_INCLUDE_IN_FRAMEWORK_HEADER = YES;
				CLANG_WARN_RANGE_LOOP_ANALYSIS = YES;
				CLANG_WARN_STRICT_PROTOTYPES = YES;
				CLANG_WARN_SUSPICIOUS_MOVE = YES;
				CLANG_WARN_UNGUARDED_AVAILABILITY = YES_AGGRESSIVE;
				CLANG_WARN_UNREACHABLE_CODE = YES;
				CLANG_WARN__DUPLICATE_METHOD_MATCH = YES;
				COPY_PHASE_STRIP = NO;
				CURRENT_PROJECT_VERSION = 1;
				DEBUG_INFORMATION_FORMAT = "dwarf-with-dsym";
				ENABLE_NS_ASSERTIONS = NO;
				ENABLE_STRICT_OBJC_MSGSEND = YES;
				GCC_C_LANGUAGE_STANDARD = gnu11;
				GCC_NO_COMMON_BLOCKS = YES;
				GCC_WARN_64_TO_32_BIT_CONVERSION = YES;
				GCC_WARN_ABOUT_RETURN_TYPE = YES_ERROR;
				GCC_WARN_UNDECLARED_SELECTOR = YES;
				GCC_WARN_UNINITIALIZED_AUTOS = YES_AGGRESSIVE;
				GCC_WARN_UNUSED_FUNCTION = YES;
				GCC_WARN_UNUSED_VARIABLE = YES;
				MACOSX_DEPLOYMENT_TARGET = 12.6;
				MTL_ENABLE_DEBUG_INFO = NO;
				MTL_FAST_MATH = YES;
				SDKROOT = macosx;
				SWIFT_COMPILATION_MODE = wholemodule;
				SWIFT_OPTIMIZATION_LEVEL = "-O";
				VERSIONING_SYSTEM = "apple-generic";
				VERSION_INFO_PREFIX = "";
			};
			name = Release;
		};
		CE4AE43A2954872E00466CA6 /* Debug */ = {
			isa = XCBuildConfiguration;
			buildSettings = {
				CLANG_ENABLE_MODULES = YES;
				CODE_SIGN_STYLE = Automatic;
				COMBINE_HIDPI_IMAGES = YES;
				CURRENT_PROJECT_VERSION = 1;
				DEFINES_MODULE = YES;
				DEVELOPMENT_TEAM = 62QSFUN7S7;
				DYLIB_COMPATIBILITY_VERSION = 1;
				DYLIB_CURRENT_VERSION = 1;
				DYLIB_INSTALL_NAME_BASE = "@rpath";
				GENERATE_INFOPLIST_FILE = YES;
				INFOPLIST_KEY_NSHumanReadableCopyright = "";
				INSTALL_PATH = "$(LOCAL_LIBRARY_DIR)/Frameworks";
				LD_RUNPATH_SEARCH_PATHS = (
					"$(inherited)",
					"@executable_path/../Frameworks",
					"@loader_path/Frameworks",
				);
				MARKETING_VERSION = 1.0;
				PRODUCT_BUNDLE_IDENTIFIER = com.dyaremyshyn.EssentialFeed;
				PRODUCT_NAME = "$(TARGET_NAME:c99extidentifier)";
				SKIP_INSTALL = YES;
				SWIFT_EMIT_LOC_STRINGS = YES;
				SWIFT_OPTIMIZATION_LEVEL = "-Onone";
				SWIFT_VERSION = 5.0;
			};
			name = Debug;
		};
		CE4AE43B2954872E00466CA6 /* Release */ = {
			isa = XCBuildConfiguration;
			buildSettings = {
				CLANG_ENABLE_MODULES = YES;
				CODE_SIGN_STYLE = Automatic;
				COMBINE_HIDPI_IMAGES = YES;
				CURRENT_PROJECT_VERSION = 1;
				DEFINES_MODULE = YES;
				DEVELOPMENT_TEAM = 62QSFUN7S7;
				DYLIB_COMPATIBILITY_VERSION = 1;
				DYLIB_CURRENT_VERSION = 1;
				DYLIB_INSTALL_NAME_BASE = "@rpath";
				GENERATE_INFOPLIST_FILE = YES;
				INFOPLIST_KEY_NSHumanReadableCopyright = "";
				INSTALL_PATH = "$(LOCAL_LIBRARY_DIR)/Frameworks";
				LD_RUNPATH_SEARCH_PATHS = (
					"$(inherited)",
					"@executable_path/../Frameworks",
					"@loader_path/Frameworks",
				);
				MARKETING_VERSION = 1.0;
				PRODUCT_BUNDLE_IDENTIFIER = com.dyaremyshyn.EssentialFeed;
				PRODUCT_NAME = "$(TARGET_NAME:c99extidentifier)";
				SKIP_INSTALL = YES;
				SWIFT_EMIT_LOC_STRINGS = YES;
				SWIFT_VERSION = 5.0;
			};
			name = Release;
		};
		CE4AE43D2954872E00466CA6 /* Debug */ = {
			isa = XCBuildConfiguration;
			buildSettings = {
				ALWAYS_EMBED_SWIFT_STANDARD_LIBRARIES = YES;
				CODE_SIGN_STYLE = Automatic;
				CURRENT_PROJECT_VERSION = 1;
				DEVELOPMENT_TEAM = 62QSFUN7S7;
				GENERATE_INFOPLIST_FILE = YES;
				MARKETING_VERSION = 1.0;
				PRODUCT_BUNDLE_IDENTIFIER = com.dyaremyshyn.EssentialFeedTests;
				PRODUCT_NAME = "$(TARGET_NAME)";
				SWIFT_EMIT_LOC_STRINGS = NO;
				SWIFT_VERSION = 5.0;
			};
			name = Debug;
		};
		CE4AE43E2954872E00466CA6 /* Release */ = {
			isa = XCBuildConfiguration;
			buildSettings = {
				ALWAYS_EMBED_SWIFT_STANDARD_LIBRARIES = YES;
				CODE_SIGN_STYLE = Automatic;
				CURRENT_PROJECT_VERSION = 1;
				DEVELOPMENT_TEAM = 62QSFUN7S7;
				GENERATE_INFOPLIST_FILE = YES;
				MARKETING_VERSION = 1.0;
				PRODUCT_BUNDLE_IDENTIFIER = com.dyaremyshyn.EssentialFeedTests;
				PRODUCT_NAME = "$(TARGET_NAME)";
				SWIFT_EMIT_LOC_STRINGS = NO;
				SWIFT_VERSION = 5.0;
			};
			name = Release;
		};
/* End XCBuildConfiguration section */

/* Begin XCConfigurationList section */
		CE4AE4212954872D00466CA6 /* Build configuration list for PBXProject "EssentialFeed" */ = {
			isa = XCConfigurationList;
			buildConfigurations = (
				CE4AE4372954872E00466CA6 /* Debug */,
				CE4AE4382954872E00466CA6 /* Release */,
			);
			defaultConfigurationIsVisible = 0;
			defaultConfigurationName = Release;
		};
		CE4AE4392954872E00466CA6 /* Build configuration list for PBXNativeTarget "EssentialFeed" */ = {
			isa = XCConfigurationList;
			buildConfigurations = (
				CE4AE43A2954872E00466CA6 /* Debug */,
				CE4AE43B2954872E00466CA6 /* Release */,
			);
			defaultConfigurationIsVisible = 0;
			defaultConfigurationName = Release;
		};
		CE4AE43C2954872E00466CA6 /* Build configuration list for PBXNativeTarget "EssentialFeedTests" */ = {
			isa = XCConfigurationList;
			buildConfigurations = (
				CE4AE43D2954872E00466CA6 /* Debug */,
				CE4AE43E2954872E00466CA6 /* Release */,
			);
			defaultConfigurationIsVisible = 0;
			defaultConfigurationName = Release;
		};
/* End XCConfigurationList section */
	};
	rootObject = CE4AE41E2954872D00466CA6 /* Project object */;
}
